
Microsoft Visual Studio Solution File, Format Version 12.00
# Visual Studio Version 16
VisualStudioVersion = 16.0.30907.101
MinimumVisualStudioVersion = 10.0.40219.1
Project("{9A19103F-16F7-4668-BE54-9A1E7A4F7556}") = "Assignment1", "Assignment1\Assignment1.csproj", "{1064E7F1-EF99-4BF6-B2AC-C41C0AFA99C6}"
EndProject
Global
	GlobalSection(SolutionConfigurationPlatforms) = preSolution
		Debug|Any CPU = Debug|Any CPU
		Release|Any CPU = Release|Any CPU
	EndGlobalSection
	GlobalSection(ProjectConfigurationPlatforms) = postSolution
		{1064E7F1-EF99-4BF6-B2AC-C41C0AFA99C6}.Debug|Any CPU.ActiveCfg = Debug|Any CPU
		{1064E7F1-EF99-4BF6-B2AC-C41C0AFA99C6}.Debug|Any CPU.Build.0 = Debug|Any CPU
		{1064E7F1-EF99-4BF6-B2AC-C41C0AFA99C6}.Release|Any CPU.ActiveCfg = Release|Any CPU
		{1064E7F1-EF99-4BF6-B2AC-C41C0AFA99C6}.Release|Any CPU.Build.0 = Release|Any CPU
	EndGlobalSection
	GlobalSection(SolutionProperties) = preSolution
		HideSolutionNode = FALSE
	EndGlobalSection
	GlobalSection(ExtensibilityGlobals) = postSolution
		SolutionGuid = {0711BD77-2BA0-4BED-8FEC-9891BBCEAFE3}
	EndGlobalSection
EndGlobal
